// !$*UTF8*$!
{
	archiveVersion = 1;
	classes = {
	};
	objectVersion = 46;
	objects = {

/* Begin PBXBuildFile section */
		DDEB78CC1DADC1C30022944C /* main.cpp in Sources */ = {isa = PBXBuildFile; fileRef = DDEB78CB1DADC1C30022944C /* main.cpp */; };
		DDEB78DB1DADC4D30022944C /* FastBDT_C_API.cxx in Sources */ = {isa = PBXBuildFile; fileRef = DDEB78D41DADC4D30022944C /* FastBDT_C_API.cxx */; };
		DDEB78DC1DADC4D30022944C /* FastBDT_IO.cxx in Sources */ = {isa = PBXBuildFile; fileRef = DDEB78D61DADC4D30022944C /* FastBDT_IO.cxx */; };
		DDEB78DD1DADC4D30022944C /* FastBDT.cxx in Sources */ = {isa = PBXBuildFile; fileRef = DDEB78D81DADC4D30022944C /* FastBDT.cxx */; };
/* End PBXBuildFile section */

/* Begin PBXCopyFilesBuildPhase section */
		DDEB78C61DADC1C30022944C /* CopyFiles */ = {
			isa = PBXCopyFilesBuildPhase;
			buildActionMask = 2147483647;
			dstPath = /usr/share/man/man1/;
			dstSubfolderSpec = 0;
			files = (
			);
			runOnlyForDeploymentPostprocessing = 1;
		};
/* End PBXCopyFilesBuildPhase section */

/* Begin PBXFileReference section */
		DDEB78C81DADC1C30022944C /* FastBDT */ = {isa = PBXFileReference; explicitFileType = "compiled.mach-o.executable"; includeInIndex = 0; path = FastBDT; sourceTree = BUILT_PRODUCTS_DIR; };
		DDEB78CB1DADC1C30022944C /* main.cpp */ = {isa = PBXFileReference; lastKnownFileType = sourcecode.cpp.cpp; path = main.cpp; sourceTree = "<group>"; };
		DDEB78D41DADC4D30022944C /* FastBDT_C_API.cxx */ = {isa = PBXFileReference; fileEncoding = 4; lastKnownFileType = sourcecode.cpp.cpp; path = FastBDT_C_API.cxx; sourceTree = "<group>"; };
		DDEB78D51DADC4D30022944C /* FastBDT_C_API.h */ = {isa = PBXFileReference; fileEncoding = 4; lastKnownFileType = sourcecode.c.h; path = FastBDT_C_API.h; sourceTree = "<group>"; };
		DDEB78D61DADC4D30022944C /* FastBDT_IO.cxx */ = {isa = PBXFileReference; fileEncoding = 4; lastKnownFileType = sourcecode.cpp.cpp; path = FastBDT_IO.cxx; sourceTree = "<group>"; };
		DDEB78D71DADC4D30022944C /* FastBDT_IO.h */ = {isa = PBXFileReference; fileEncoding = 4; lastKnownFileType = sourcecode.c.h; path = FastBDT_IO.h; sourceTree = "<group>"; };
		DDEB78D81DADC4D30022944C /* FastBDT.cxx */ = {isa = PBXFileReference; fileEncoding = 4; lastKnownFileType = sourcecode.cpp.cpp; path = FastBDT.cxx; sourceTree = "<group>"; };
		DDEB78D91DADC4D30022944C /* FastBDT.h */ = {isa = PBXFileReference; fileEncoding = 4; lastKnownFileType = sourcecode.c.h; path = FastBDT.h; sourceTree = "<group>"; };
		DDEB78DA1DADC4D30022944C /* FastBDT.h.in */ = {isa = PBXFileReference; fileEncoding = 4; lastKnownFileType = text; path = FastBDT.h.in; sourceTree = "<group>"; };
		DDEB78DE1DADC4EE0022944C /* LinkDef.h */ = {isa = PBXFileReference; fileEncoding = 4; lastKnownFileType = sourcecode.c.h; path = LinkDef.h; sourceTree = "<group>"; };
/* End PBXFileReference section */

/* Begin PBXFrameworksBuildPhase section */
		DDEB78C51DADC1C30022944C /* Frameworks */ = {
			isa = PBXFrameworksBuildPhase;
			buildActionMask = 2147483647;
			files = (
			);
			runOnlyForDeploymentPostprocessing = 0;
		};
/* End PBXFrameworksBuildPhase section */

/* Begin PBXGroup section */
		DDEB78BF1DADC1C30022944C = {
			isa = PBXGroup;
			children = (
				DDEB78CA1DADC1C30022944C /* FastBDT */,
				DDEB78C91DADC1C30022944C /* Products */,
			);
			sourceTree = "<group>";
		};
		DDEB78C91DADC1C30022944C /* Products */ = {
			isa = PBXGroup;
			children = (
				DDEB78C81DADC1C30022944C /* FastBDT */,
			);
			name = Products;
			sourceTree = "<group>";
		};
		DDEB78CA1DADC1C30022944C /* FastBDT */ = {
			isa = PBXGroup;
			children = (
				DDEB78DE1DADC4EE0022944C /* LinkDef.h */,
				DDEB78D41DADC4D30022944C /* FastBDT_C_API.cxx */,
				DDEB78D51DADC4D30022944C /* FastBDT_C_API.h */,
				DDEB78D61DADC4D30022944C /* FastBDT_IO.cxx */,
				DDEB78D71DADC4D30022944C /* FastBDT_IO.h */,
				DDEB78D81DADC4D30022944C /* FastBDT.cxx */,
				DDEB78D91DADC4D30022944C /* FastBDT.h */,
				DDEB78DA1DADC4D30022944C /* FastBDT.h.in */,
				DDEB78CB1DADC1C30022944C /* main.cpp */,
			);
			path = FastBDT;
			sourceTree = "<group>";
		};
/* End PBXGroup section */

/* Begin PBXNativeTarget section */
		DDEB78C71DADC1C30022944C /* FastBDT */ = {
			isa = PBXNativeTarget;
			buildConfigurationList = DDEB78CF1DADC1C30022944C /* Build configuration list for PBXNativeTarget "FastBDT" */;
			buildPhases = (
				DDEB78C41DADC1C30022944C /* Sources */,
				DDEB78C51DADC1C30022944C /* Frameworks */,
				DDEB78C61DADC1C30022944C /* CopyFiles */,
			);
			buildRules = (
			);
			dependencies = (
			);
			name = FastBDT;
			productName = FastBDT;
			productReference = DDEB78C81DADC1C30022944C /* FastBDT */;
			productType = "com.apple.product-type.tool";
		};
/* End PBXNativeTarget section */

/* Begin PBXProject section */
		DDEB78C01DADC1C30022944C /* Project object */ = {
			isa = PBXProject;
			attributes = {
				LastUpgradeCheck = 0730;
				ORGANIZATIONNAME = "Liang Dong";
				TargetAttributes = {
					DDEB78C71DADC1C30022944C = {
						CreatedOnToolsVersion = 7.3.1;
					};
				};
			};
			buildConfigurationList = DDEB78C31DADC1C30022944C /* Build configuration list for PBXProject "FastBDT" */;
			compatibilityVersion = "Xcode 3.2";
			developmentRegion = English;
			hasScannedForEncodings = 0;
			knownRegions = (
				en,
			);
			mainGroup = DDEB78BF1DADC1C30022944C;
			productRefGroup = DDEB78C91DADC1C30022944C /* Products */;
			projectDirPath = "";
			projectRoot = "";
			targets = (
				DDEB78C71DADC1C30022944C /* FastBDT */,
			);
		};
/* End PBXProject section */

/* Begin PBXSourcesBuildPhase section */
		DDEB78C41DADC1C30022944C /* Sources */ = {
			isa = PBXSourcesBuildPhase;
			buildActionMask = 2147483647;
			files = (
				DDEB78DD1DADC4D30022944C /* FastBDT.cxx in Sources */,
				DDEB78CC1DADC1C30022944C /* main.cpp in Sources */,
				DDEB78DC1DADC4D30022944C /* FastBDT_IO.cxx in Sources */,
				DDEB78DB1DADC4D30022944C /* FastBDT_C_API.cxx in Sources */,
			);
			runOnlyForDeploymentPostprocessing = 0;
		};
/* End PBXSourcesBuildPhase section */

/* Begin XCBuildConfiguration section */
		DDEB78CD1DADC1C30022944C /* Debug */ = {
			isa = XCBuildConfiguration;
			buildSettings = {
				ALWAYS_SEARCH_USER_PATHS = NO;
				CLANG_ANALYZER_NONNULL = YES;
				CLANG_CXX_LANGUAGE_STANDARD = "gnu++0x";
				CLANG_CXX_LIBRARY = "libc++";
				CLANG_ENABLE_MODULES = YES;
				CLANG_ENABLE_OBJC_ARC = YES;
				CLANG_WARN_BOOL_CONVERSION = YES;
				CLANG_WARN_CONSTANT_CONVERSION = YES;
				CLANG_WARN_DIRECT_OBJC_ISA_USAGE = YES_ERROR;
				CLANG_WARN_EMPTY_BODY = YES;
				CLANG_WARN_ENUM_CONVERSION = YES;
				CLANG_WARN_INT_CONVERSION = YES;
				CLANG_WARN_OBJC_ROOT_CLASS = YES_ERROR;
				CLANG_WARN_UNREACHABLE_CODE = YES;
				CLANG_WARN__DUPLICATE_METHOD_MATCH = YES;
				CODE_SIGN_IDENTITY = "-";
				COPY_PHASE_STRIP = NO;
				DEBUG_INFORMATION_FORMAT = dwarf;
				ENABLE_STRICT_OBJC_MSGSEND = YES;
				ENABLE_TESTABILITY = YES;
				GCC_C_LANGUAGE_STANDARD = gnu99;
				GCC_DYNAMIC_NO_PIC = NO;
				GCC_NO_COMMON_BLOCKS = YES;
				GCC_OPTIMIZATION_LEVEL = 0;
				GCC_PREPROCESSOR_DEFINITIONS = (
					"DEBUG=1",
					"$(inherited)",
				);
				GCC_WARN_64_TO_32_BIT_CONVERSION = YES;
				GCC_WARN_ABOUT_RETURN_TYPE = YES_ERROR;
				GCC_WARN_UNDECLARED_SELECTOR = YES;
				GCC_WARN_UNINITIALIZED_AUTOS = YES_AGGRESSIVE;
				GCC_WARN_UNUSED_FUNCTION = YES;
				GCC_WARN_UNUSED_VARIABLE = YES;
				MACOSX_DEPLOYMENT_TARGET = 10.11;
				MTL_ENABLE_DEBUG_INFO = YES;
				ONLY_ACTIVE_ARCH = YES;
				SDKROOT = macosx;
			};
			name = Debug;
		};
		DDEB78CE1DADC1C30022944C /* Release */ = {
			isa = XCBuildConfiguration;
			buildSettings = {
				ALWAYS_SEARCH_USER_PATHS = NO;
				CLANG_ANALYZER_NONNULL = YES;
				CLANG_CXX_LANGUAGE_STANDARD = "gnu++0x";
				CLANG_CXX_LIBRARY = "libc++";
				CLANG_ENABLE_MODULES = YES;
				CLANG_ENABLE_OBJC_ARC = YES;
				CLANG_WARN_BOOL_CONVERSION = YES;
				CLANG_WARN_CONSTANT_CONVERSION = YES;
				CLANG_WARN_DIRECT_OBJC_ISA_USAGE = YES_ERROR;
				CLANG_WARN_EMPTY_BODY = YES;
				CLANG_WARN_ENUM_CONVERSION = YES;
				CLANG_WARN_INT_CONVERSION = YES;
				CLANG_WARN_OBJC_ROOT_CLASS = YES_ERROR;
				CLANG_WARN_UNREACHABLE_CODE = YES;
				CLANG_WARN__DUPLICATE_METHOD_MATCH = YES;
				CODE_SIGN_IDENTITY = "-";
				COPY_PHASE_STRIP = NO;
				DEBUG_INFORMATION_FORMAT = "dwarf-with-dsym";
				ENABLE_NS_ASSERTIONS = NO;
				ENABLE_STRICT_OBJC_MSGSEND = YES;
				GCC_C_LANGUAGE_STANDARD = gnu99;
				GCC_NO_COMMON_BLOCKS = YES;
				GCC_WARN_64_TO_32_BIT_CONVERSION = YES;
				GCC_WARN_ABOUT_RETURN_TYPE = YES_ERROR;
				GCC_WARN_UNDECLARED_SELECTOR = YES;
				GCC_WARN_UNINITIALIZED_AUTOS = YES_AGGRESSIVE;
				GCC_WARN_UNUSED_FUNCTION = YES;
				GCC_WARN_UNUSED_VARIABLE = YES;
				MACOSX_DEPLOYMENT_TARGET = 10.11;
				MTL_ENABLE_DEBUG_INFO = NO;
				SDKROOT = macosx;
			};
			name = Release;
		};
		DDEB78D01DADC1C30022944C /* Debug */ = {
			isa = XCBuildConfiguration;
			buildSettings = {
				PRODUCT_NAME = "$(TARGET_NAME)";
			};
			name = Debug;
		};
		DDEB78D11DADC1C30022944C /* Release */ = {
			isa = XCBuildConfiguration;
			buildSettings = {
				PRODUCT_NAME = "$(TARGET_NAME)";
			};
			name = Release;
		};
/* End XCBuildConfiguration section */

/* Begin XCConfigurationList section */
		DDEB78C31DADC1C30022944C /* Build configuration list for PBXProject "FastBDT" */ = {
			isa = XCConfigurationList;
			buildConfigurations = (
				DDEB78CD1DADC1C30022944C /* Debug */,
				DDEB78CE1DADC1C30022944C /* Release */,
			);
			defaultConfigurationIsVisible = 0;
			defaultConfigurationName = Release;
		};
		DDEB78CF1DADC1C30022944C /* Build configuration list for PBXNativeTarget "FastBDT" */ = {
			isa = XCConfigurationList;
			buildConfigurations = (
				DDEB78D01DADC1C30022944C /* Debug */,
				DDEB78D11DADC1C30022944C /* Release */,
			);
			defaultConfigurationIsVisible = 0;
		};
/* End XCConfigurationList section */
	};
	rootObject = DDEB78C01DADC1C30022944C /* Project object */;
}
